{
    "_meta": {
        "hash": {
            "sha256": "6b39ede5d1127fcaf2c4a90eb709274c65d331a560a58e5f5f3f968e28653e4b"
        },
        "pipfile-spec": 6,
        "requires": {
            "python_version": "3.5"
        },
        "sources": [
            {
                "name": "pypi",
                "url": "https://pypi.org/simple",
                "verify_ssl": true
            }
        ]
    },
    "default": {
        "beautifultable": {
            "hashes": [
                "sha256:8deee768c7939578412f930c95c2ac51307fb723a6368e9e233091cdad240537",
                "sha256:f1185c5bbb2d522a9c7dfe24cc55151f32379031d001c9731a2b55714b927089"
            ],
            "index": "pypi",
            "version": "==0.7.0"
        },
        "tabulate": {
            "hashes": [
                "sha256:8af07a39377cee1103a5c8b3330a421c2d99b9141e9cc5ddd2e3263fea416943"
            ],
            "index": "pypi",
            "version": "==0.8.3"
        },
        "ujson": {
            "hashes": [
                "sha256:f66073e5506e91d204ab0c614a148d5aa938bdbf104751be66f8ad7a222f5f86"
            ],
            "index": "pypi",
            "version": "==1.35"
        }
    },
    "develop": {}
}
